
Microsoft Visual Studio Solution File, Format Version 12.00
# Visual Studio Version 16
VisualStudioVersion = 16.0.30717.126
MinimumVisualStudioVersion = 10.0.40219.1
Project("{FAE04EC0-301F-11D3-BF4B-00C04F79EFBC}") = "MarathonSkills", "MarathonSkills\MarathonSkills.csproj", "{8BD1DEA1-38AA-43DE-B0F0-00726ED8DD66}"
EndProject
Global
	GlobalSection(SolutionConfigurationPlatforms) = preSolution
		Debug|Any CPU = Debug|Any CPU
		Release|Any CPU = Release|Any CPU
	EndGlobalSection
	GlobalSection(ProjectConfigurationPlatforms) = postSolution
		{8BD1DEA1-38AA-43DE-B0F0-00726ED8DD66}.Debug|Any CPU.ActiveCfg = Debug|Any CPU
		{8BD1DEA1-38AA-43DE-B0F0-00726ED8DD66}.Debug|Any CPU.Build.0 = Debug|Any CPU
		{8BD1DEA1-38AA-43DE-B0F0-00726ED8DD66}.Release|Any CPU.ActiveCfg = Release|Any CPU
		{8BD1DEA1-38AA-43DE-B0F0-00726ED8DD66}.Release|Any CPU.Build.0 = Release|Any CPU
	EndGlobalSection
	GlobalSection(SolutionProperties) = preSolution
		HideSolutionNode = FALSE
	EndGlobalSection
	GlobalSection(ExtensibilityGlobals) = postSolution
		SolutionGuid = {B7E5F90A-C136-4168-B010-73C291826B45}
	EndGlobalSection
EndGlobal
